// !$*UTF8*$!
{
	archiveVersion = 1;
	classes = {
	};
	objectVersion = 56;
	objects = {

/* Begin PBXBuildFile section */
		B54D3B8B2ACCAAB100DEB996 /* TouchdownApp.swift in Sources */ = {isa = PBXBuildFile; fileRef = B54D3B8A2ACCAAB100DEB996 /* TouchdownApp.swift */; };
		B54D3B8D2ACCAAB100DEB996 /* ContentView.swift in Sources */ = {isa = PBXBuildFile; fileRef = B54D3B8C2ACCAAB100DEB996 /* ContentView.swift */; };
		B54D3B8F2ACCAAB300DEB996 /* Assets.xcassets in Resources */ = {isa = PBXBuildFile; fileRef = B54D3B8E2ACCAAB300DEB996 /* Assets.xcassets */; };
		B54D3B922ACCAAB300DEB996 /* Preview Assets.xcassets in Resources */ = {isa = PBXBuildFile; fileRef = B54D3B912ACCAAB300DEB996 /* Preview Assets.xcassets */; };
		B54D3B9C2ACCAB7800DEB996 /* product.json in Resources */ = {isa = PBXBuildFile; fileRef = B54D3B982ACCAB7800DEB996 /* product.json */; };
		B54D3B9D2ACCAB7800DEB996 /* player.json in Resources */ = {isa = PBXBuildFile; fileRef = B54D3B992ACCAB7800DEB996 /* player.json */; };
		B54D3B9E2ACCAB7800DEB996 /* category.json in Resources */ = {isa = PBXBuildFile; fileRef = B54D3B9A2ACCAB7800DEB996 /* category.json */; };
		B54D3B9F2ACCAB7800DEB996 /* brand.json in Resources */ = {isa = PBXBuildFile; fileRef = B54D3B9B2ACCAB7800DEB996 /* brand.json */; };
		B54D3BAC2ACCACDE00DEB996 /* Constant.swift in Sources */ = {isa = PBXBuildFile; fileRef = B54D3BAB2ACCACDE00DEB996 /* Constant.swift */; };
		B54D3BAE2ACCAEB200DEB996 /* FooterView.swift in Sources */ = {isa = PBXBuildFile; fileRef = B54D3BAD2ACCAEB200DEB996 /* FooterView.swift */; };
		B54D3BB02ACD890C00DEB996 /* NavigationBarView.swift in Sources */ = {isa = PBXBuildFile; fileRef = B54D3BAF2ACD890C00DEB996 /* NavigationBarView.swift */; };
		B54D3BB22ACD89AB00DEB996 /* LogoView.swift in Sources */ = {isa = PBXBuildFile; fileRef = B54D3BB12ACD89AB00DEB996 /* LogoView.swift */; };
		B54D3BB42ACD926F00DEB996 /* PlayerModel.swift in Sources */ = {isa = PBXBuildFile; fileRef = B54D3BB32ACD926F00DEB996 /* PlayerModel.swift */; };
		B54D3BB62ACD92A200DEB996 /* CodableBundleExtension.swift in Sources */ = {isa = PBXBuildFile; fileRef = B54D3BB52ACD92A200DEB996 /* CodableBundleExtension.swift */; };
		B54D3BB82ACD938B00DEB996 /* FeaturedItemView.swift in Sources */ = {isa = PBXBuildFile; fileRef = B54D3BB72ACD938B00DEB996 /* FeaturedItemView.swift */; };
		B54D3BBA2ACD982800DEB996 /* FeaturedTabView.swift in Sources */ = {isa = PBXBuildFile; fileRef = B54D3BB92ACD982800DEB996 /* FeaturedTabView.swift */; };
		B54D3BBC2ACD9F3B00DEB996 /* CatagoryModel.swift in Sources */ = {isa = PBXBuildFile; fileRef = B54D3BBB2ACD9F3B00DEB996 /* CatagoryModel.swift */; };
		B54D3BBE2ACD9FD400DEB996 /* CategoryItemView.swift in Sources */ = {isa = PBXBuildFile; fileRef = B54D3BBD2ACD9FD400DEB996 /* CategoryItemView.swift */; };
		B54D3BC02ACDA0DB00DEB996 /* CategoryGridView.swift in Sources */ = {isa = PBXBuildFile; fileRef = B54D3BBF2ACDA0DB00DEB996 /* CategoryGridView.swift */; };
		B54D3BC22ACDA1AB00DEB996 /* SectionView.swift in Sources */ = {isa = PBXBuildFile; fileRef = B54D3BC12ACDA1AB00DEB996 /* SectionView.swift */; };
		B54D3BC42ACEDBAF00DEB996 /* TitleView.swift in Sources */ = {isa = PBXBuildFile; fileRef = B54D3BC32ACEDBAF00DEB996 /* TitleView.swift */; };
		B54D3BC62ACEDC4B00DEB996 /* ProductModel.swift in Sources */ = {isa = PBXBuildFile; fileRef = B54D3BC52ACEDC4B00DEB996 /* ProductModel.swift */; };
		B54D3BC82ACEDFE800DEB996 /* ProductItemView.swift in Sources */ = {isa = PBXBuildFile; fileRef = B54D3BC72ACEDFE800DEB996 /* ProductItemView.swift */; };
		B54D3BCA2ACEE28500DEB996 /* BrandModel.swift in Sources */ = {isa = PBXBuildFile; fileRef = B54D3BC92ACEE28500DEB996 /* BrandModel.swift */; };
		B54D3BCC2ACEE2D800DEB996 /* BrandItemView.swift in Sources */ = {isa = PBXBuildFile; fileRef = B54D3BCB2ACEE2D800DEB996 /* BrandItemView.swift */; };
		B54D3BCE2ACEE37600DEB996 /* BrandGridView.swift in Sources */ = {isa = PBXBuildFile; fileRef = B54D3BCD2ACEE37600DEB996 /* BrandGridView.swift */; };
		B54D3BD02ACEEEDB00DEB996 /* ProductDetailView.swift in Sources */ = {isa = PBXBuildFile; fileRef = B54D3BCF2ACEEEDB00DEB996 /* ProductDetailView.swift */; };
		B54D3BD22ACEEFC400DEB996 /* NavigationBarDetailView.swift in Sources */ = {isa = PBXBuildFile; fileRef = B54D3BD12ACEEFC400DEB996 /* NavigationBarDetailView.swift */; };
		B54D3BD42ACEF05000DEB996 /* HeaderDetailView.swift in Sources */ = {isa = PBXBuildFile; fileRef = B54D3BD32ACEF05000DEB996 /* HeaderDetailView.swift */; };
		B54D3BD62ACEF13900DEB996 /* TopPartDetailView.swift in Sources */ = {isa = PBXBuildFile; fileRef = B54D3BD52ACEF13900DEB996 /* TopPartDetailView.swift */; };
/* End PBXBuildFile section */

/* Begin PBXFileReference section */
		B54D3B872ACCAAB100DEB996 /* Touchdown.app */ = {isa = PBXFileReference; explicitFileType = wrapper.application; includeInIndex = 0; path = Touchdown.app; sourceTree = BUILT_PRODUCTS_DIR; };
		B54D3B8A2ACCAAB100DEB996 /* TouchdownApp.swift */ = {isa = PBXFileReference; lastKnownFileType = sourcecode.swift; path = TouchdownApp.swift; sourceTree = "<group>"; };
		B54D3B8C2ACCAAB100DEB996 /* ContentView.swift */ = {isa = PBXFileReference; lastKnownFileType = sourcecode.swift; path = ContentView.swift; sourceTree = "<group>"; };
		B54D3B8E2ACCAAB300DEB996 /* Assets.xcassets */ = {isa = PBXFileReference; lastKnownFileType = folder.assetcatalog; path = Assets.xcassets; sourceTree = "<group>"; };
		B54D3B912ACCAAB300DEB996 /* Preview Assets.xcassets */ = {isa = PBXFileReference; lastKnownFileType = folder.assetcatalog; path = "Preview Assets.xcassets"; sourceTree = "<group>"; };
		B54D3B982ACCAB7800DEB996 /* product.json */ = {isa = PBXFileReference; fileEncoding = 4; lastKnownFileType = text.json; path = product.json; sourceTree = "<group>"; };
		B54D3B992ACCAB7800DEB996 /* player.json */ = {isa = PBXFileReference; fileEncoding = 4; lastKnownFileType = text.json; path = player.json; sourceTree = "<group>"; };
		B54D3B9A2ACCAB7800DEB996 /* category.json */ = {isa = PBXFileReference; fileEncoding = 4; lastKnownFileType = text.json; path = category.json; sourceTree = "<group>"; };
		B54D3B9B2ACCAB7800DEB996 /* brand.json */ = {isa = PBXFileReference; fileEncoding = 4; lastKnownFileType = text.json; path = brand.json; sourceTree = "<group>"; };
		B54D3BA22ACCABB800DEB996 /* Info.plist */ = {isa = PBXFileReference; lastKnownFileType = text.plist; path = Info.plist; sourceTree = "<group>"; };
		B54D3BAB2ACCACDE00DEB996 /* Constant.swift */ = {isa = PBXFileReference; lastKnownFileType = sourcecode.swift; path = Constant.swift; sourceTree = "<group>"; };
		B54D3BAD2ACCAEB200DEB996 /* FooterView.swift */ = {isa = PBXFileReference; lastKnownFileType = sourcecode.swift; path = FooterView.swift; sourceTree = "<group>"; };
		B54D3BAF2ACD890C00DEB996 /* NavigationBarView.swift */ = {isa = PBXFileReference; lastKnownFileType = sourcecode.swift; path = NavigationBarView.swift; sourceTree = "<group>"; };
		B54D3BB12ACD89AB00DEB996 /* LogoView.swift */ = {isa = PBXFileReference; lastKnownFileType = sourcecode.swift; path = LogoView.swift; sourceTree = "<group>"; };
		B54D3BB32ACD926F00DEB996 /* PlayerModel.swift */ = {isa = PBXFileReference; lastKnownFileType = sourcecode.swift; path = PlayerModel.swift; sourceTree = "<group>"; };
		B54D3BB52ACD92A200DEB996 /* CodableBundleExtension.swift */ = {isa = PBXFileReference; lastKnownFileType = sourcecode.swift; path = CodableBundleExtension.swift; sourceTree = "<group>"; };
		B54D3BB72ACD938B00DEB996 /* FeaturedItemView.swift */ = {isa = PBXFileReference; lastKnownFileType = sourcecode.swift; path = FeaturedItemView.swift; sourceTree = "<group>"; };
		B54D3BB92ACD982800DEB996 /* FeaturedTabView.swift */ = {isa = PBXFileReference; lastKnownFileType = sourcecode.swift; path = FeaturedTabView.swift; sourceTree = "<group>"; };
		B54D3BBB2ACD9F3B00DEB996 /* CatagoryModel.swift */ = {isa = PBXFileReference; lastKnownFileType = sourcecode.swift; path = CatagoryModel.swift; sourceTree = "<group>"; };
		B54D3BBD2ACD9FD400DEB996 /* CategoryItemView.swift */ = {isa = PBXFileReference; lastKnownFileType = sourcecode.swift; path = CategoryItemView.swift; sourceTree = "<group>"; };
		B54D3BBF2ACDA0DB00DEB996 /* CategoryGridView.swift */ = {isa = PBXFileReference; lastKnownFileType = sourcecode.swift; path = CategoryGridView.swift; sourceTree = "<group>"; };
		B54D3BC12ACDA1AB00DEB996 /* SectionView.swift */ = {isa = PBXFileReference; lastKnownFileType = sourcecode.swift; path = SectionView.swift; sourceTree = "<group>"; };
		B54D3BC32ACEDBAF00DEB996 /* TitleView.swift */ = {isa = PBXFileReference; lastKnownFileType = sourcecode.swift; path = TitleView.swift; sourceTree = "<group>"; };
		B54D3BC52ACEDC4B00DEB996 /* ProductModel.swift */ = {isa = PBXFileReference; lastKnownFileType = sourcecode.swift; path = ProductModel.swift; sourceTree = "<group>"; };
		B54D3BC72ACEDFE800DEB996 /* ProductItemView.swift */ = {isa = PBXFileReference; lastKnownFileType = sourcecode.swift; path = ProductItemView.swift; sourceTree = "<group>"; };
		B54D3BC92ACEE28500DEB996 /* BrandModel.swift */ = {isa = PBXFileReference; lastKnownFileType = sourcecode.swift; path = BrandModel.swift; sourceTree = "<group>"; };
		B54D3BCB2ACEE2D800DEB996 /* BrandItemView.swift */ = {isa = PBXFileReference; lastKnownFileType = sourcecode.swift; path = BrandItemView.swift; sourceTree = "<group>"; };
		B54D3BCD2ACEE37600DEB996 /* BrandGridView.swift */ = {isa = PBXFileReference; lastKnownFileType = sourcecode.swift; path = BrandGridView.swift; sourceTree = "<group>"; };
		B54D3BCF2ACEEEDB00DEB996 /* ProductDetailView.swift */ = {isa = PBXFileReference; lastKnownFileType = sourcecode.swift; path = ProductDetailView.swift; sourceTree = "<group>"; };
		B54D3BD12ACEEFC400DEB996 /* NavigationBarDetailView.swift */ = {isa = PBXFileReference; lastKnownFileType = sourcecode.swift; path = NavigationBarDetailView.swift; sourceTree = "<group>"; };
		B54D3BD32ACEF05000DEB996 /* HeaderDetailView.swift */ = {isa = PBXFileReference; lastKnownFileType = sourcecode.swift; path = HeaderDetailView.swift; sourceTree = "<group>"; };
		B54D3BD52ACEF13900DEB996 /* TopPartDetailView.swift */ = {isa = PBXFileReference; lastKnownFileType = sourcecode.swift; path = TopPartDetailView.swift; sourceTree = "<group>"; };
/* End PBXFileReference section */

/* Begin PBXFrameworksBuildPhase section */
		B54D3B842ACCAAB100DEB996 /* Frameworks */ = {
			isa = PBXFrameworksBuildPhase;
			buildActionMask = 2147483647;
			files = (
			);
			runOnlyForDeploymentPostprocessing = 0;
		};
/* End PBXFrameworksBuildPhase section */

/* Begin PBXGroup section */
		B54D3B7E2ACCAAB100DEB996 = {
			isa = PBXGroup;
			children = (
				B54D3B892ACCAAB100DEB996 /* Touchdown */,
				B54D3B882ACCAAB100DEB996 /* Products */,
			);
			sourceTree = "<group>";
		};
		B54D3B882ACCAAB100DEB996 /* Products */ = {
			isa = PBXGroup;
			children = (
				B54D3B872ACCAAB100DEB996 /* Touchdown.app */,
			);
			name = Products;
			sourceTree = "<group>";
		};
		B54D3B892ACCAAB100DEB996 /* Touchdown */ = {
			isa = PBXGroup;
			children = (
				B54D3BAA2ACCACC100DEB996 /* Extension */,
				B54D3BA92ACCACB800DEB996 /* Utility */,
				B54D3BA82ACCACB300DEB996 /* Model */,
				B54D3BA52ACCAC9C00DEB996 /* View */,
				B54D3BA22ACCABB800DEB996 /* Info.plist */,
				B54D3BA12ACCAB8900DEB996 /* Data */,
				B54D3BA32ACCAC8B00DEB996 /* App */,
				B54D3B8E2ACCAAB300DEB996 /* Assets.xcassets */,
				B54D3B902ACCAAB300DEB996 /* Preview Content */,
			);
			path = Touchdown;
			sourceTree = "<group>";
		};
		B54D3B902ACCAAB300DEB996 /* Preview Content */ = {
			isa = PBXGroup;
			children = (
				B54D3B912ACCAAB300DEB996 /* Preview Assets.xcassets */,
			);
			path = "Preview Content";
			sourceTree = "<group>";
		};
		B54D3BA12ACCAB8900DEB996 /* Data */ = {
			isa = PBXGroup;
			children = (
				B54D3B9B2ACCAB7800DEB996 /* brand.json */,
				B54D3B9A2ACCAB7800DEB996 /* category.json */,
				B54D3B992ACCAB7800DEB996 /* player.json */,
				B54D3B982ACCAB7800DEB996 /* product.json */,
			);
			path = Data;
			sourceTree = "<group>";
		};
		B54D3BA32ACCAC8B00DEB996 /* App */ = {
			isa = PBXGroup;
			children = (
				B54D3B8A2ACCAAB100DEB996 /* TouchdownApp.swift */,
				B54D3B8C2ACCAAB100DEB996 /* ContentView.swift */,
				B54D3BCF2ACEEEDB00DEB996 /* ProductDetailView.swift */,
			);
			path = App;
			sourceTree = "<group>";
		};
		B54D3BA52ACCAC9C00DEB996 /* View */ = {
			isa = PBXGroup;
			children = (
				B54D3BA72ACCACA400DEB996 /* Home */,
				B54D3BA62ACCAC9F00DEB996 /* Detail */,
			);
			path = View;
			sourceTree = "<group>";
		};
		B54D3BA62ACCAC9F00DEB996 /* Detail */ = {
			isa = PBXGroup;
			children = (
				B54D3BD12ACEEFC400DEB996 /* NavigationBarDetailView.swift */,
				B54D3BD32ACEF05000DEB996 /* HeaderDetailView.swift */,
				B54D3BD52ACEF13900DEB996 /* TopPartDetailView.swift */,
			);
			path = Detail;
			sourceTree = "<group>";
		};
		B54D3BA72ACCACA400DEB996 /* Home */ = {
			isa = PBXGroup;
			children = (
				B54D3BAD2ACCAEB200DEB996 /* FooterView.swift */,
				B54D3BAF2ACD890C00DEB996 /* NavigationBarView.swift */,
				B54D3BB12ACD89AB00DEB996 /* LogoView.swift */,
				B54D3BB72ACD938B00DEB996 /* FeaturedItemView.swift */,
				B54D3BB92ACD982800DEB996 /* FeaturedTabView.swift */,
				B54D3BBD2ACD9FD400DEB996 /* CategoryItemView.swift */,
				B54D3BBF2ACDA0DB00DEB996 /* CategoryGridView.swift */,
				B54D3BC12ACDA1AB00DEB996 /* SectionView.swift */,
				B54D3BC32ACEDBAF00DEB996 /* TitleView.swift */,
				B54D3BC72ACEDFE800DEB996 /* ProductItemView.swift */,
				B54D3BCB2ACEE2D800DEB996 /* BrandItemView.swift */,
				B54D3BCD2ACEE37600DEB996 /* BrandGridView.swift */,
			);
			path = Home;
			sourceTree = "<group>";
		};
		B54D3BA82ACCACB300DEB996 /* Model */ = {
			isa = PBXGroup;
			children = (
				B54D3BB32ACD926F00DEB996 /* PlayerModel.swift */,
				B54D3BBB2ACD9F3B00DEB996 /* CatagoryModel.swift */,
				B54D3BC52ACEDC4B00DEB996 /* ProductModel.swift */,
				B54D3BC92ACEE28500DEB996 /* BrandModel.swift */,
			);
			path = Model;
			sourceTree = "<group>";
		};
		B54D3BA92ACCACB800DEB996 /* Utility */ = {
			isa = PBXGroup;
			children = (
				B54D3BAB2ACCACDE00DEB996 /* Constant.swift */,
			);
			path = Utility;
			sourceTree = "<group>";
		};
		B54D3BAA2ACCACC100DEB996 /* Extension */ = {
			isa = PBXGroup;
			children = (
				B54D3BB52ACD92A200DEB996 /* CodableBundleExtension.swift */,
			);
			path = Extension;
			sourceTree = "<group>";
		};
/* End PBXGroup section */

/* Begin PBXNativeTarget section */
		B54D3B862ACCAAB100DEB996 /* Touchdown */ = {
			isa = PBXNativeTarget;
			buildConfigurationList = B54D3B952ACCAAB300DEB996 /* Build configuration list for PBXNativeTarget "Touchdown" */;
			buildPhases = (
				B54D3B832ACCAAB100DEB996 /* Sources */,
				B54D3B842ACCAAB100DEB996 /* Frameworks */,
				B54D3B852ACCAAB100DEB996 /* Resources */,
			);
			buildRules = (
			);
			dependencies = (
			);
			name = Touchdown;
			productName = Touchdown;
			productReference = B54D3B872ACCAAB100DEB996 /* Touchdown.app */;
			productType = "com.apple.product-type.application";
		};
/* End PBXNativeTarget section */

/* Begin PBXProject section */
		B54D3B7F2ACCAAB100DEB996 /* Project object */ = {
			isa = PBXProject;
			attributes = {
				BuildIndependentTargetsInParallel = 1;
				LastSwiftUpdateCheck = 1500;
				LastUpgradeCheck = 1500;
				TargetAttributes = {
					B54D3B862ACCAAB100DEB996 = {
						CreatedOnToolsVersion = 15.0;
					};
				};
			};
			buildConfigurationList = B54D3B822ACCAAB100DEB996 /* Build configuration list for PBXProject "Touchdown" */;
			compatibilityVersion = "Xcode 14.0";
			developmentRegion = en;
			hasScannedForEncodings = 0;
			knownRegions = (
				en,
				Base,
			);
			mainGroup = B54D3B7E2ACCAAB100DEB996;
			productRefGroup = B54D3B882ACCAAB100DEB996 /* Products */;
			projectDirPath = "";
			projectRoot = "";
			targets = (
				B54D3B862ACCAAB100DEB996 /* Touchdown */,
			);
		};
/* End PBXProject section */

/* Begin PBXResourcesBuildPhase section */
		B54D3B852ACCAAB100DEB996 /* Resources */ = {
			isa = PBXResourcesBuildPhase;
			buildActionMask = 2147483647;
			files = (
				B54D3B9D2ACCAB7800DEB996 /* player.json in Resources */,
				B54D3B922ACCAAB300DEB996 /* Preview Assets.xcassets in Resources */,
				B54D3B9E2ACCAB7800DEB996 /* category.json in Resources */,
				B54D3B8F2ACCAAB300DEB996 /* Assets.xcassets in Resources */,
				B54D3B9C2ACCAB7800DEB996 /* product.json in Resources */,
				B54D3B9F2ACCAB7800DEB996 /* brand.json in Resources */,
			);
			runOnlyForDeploymentPostprocessing = 0;
		};
/* End PBXResourcesBuildPhase section */

/* Begin PBXSourcesBuildPhase section */
		B54D3B832ACCAAB100DEB996 /* Sources */ = {
			isa = PBXSourcesBuildPhase;
			buildActionMask = 2147483647;
			files = (
				B54D3BB82ACD938B00DEB996 /* FeaturedItemView.swift in Sources */,
				B54D3BD42ACEF05000DEB996 /* HeaderDetailView.swift in Sources */,
				B54D3BD62ACEF13900DEB996 /* TopPartDetailView.swift in Sources */,
				B54D3BB62ACD92A200DEB996 /* CodableBundleExtension.swift in Sources */,
				B54D3B8D2ACCAAB100DEB996 /* ContentView.swift in Sources */,
				B54D3BB22ACD89AB00DEB996 /* LogoView.swift in Sources */,
				B54D3BAE2ACCAEB200DEB996 /* FooterView.swift in Sources */,
				B54D3BC82ACEDFE800DEB996 /* ProductItemView.swift in Sources */,
				B54D3BCE2ACEE37600DEB996 /* BrandGridView.swift in Sources */,
				B54D3B8B2ACCAAB100DEB996 /* TouchdownApp.swift in Sources */,
				B54D3BD02ACEEEDB00DEB996 /* ProductDetailView.swift in Sources */,
				B54D3BD22ACEEFC400DEB996 /* NavigationBarDetailView.swift in Sources */,
				B54D3BAC2ACCACDE00DEB996 /* Constant.swift in Sources */,
				B54D3BC02ACDA0DB00DEB996 /* CategoryGridView.swift in Sources */,
				B54D3BB02ACD890C00DEB996 /* NavigationBarView.swift in Sources */,
				B54D3BBA2ACD982800DEB996 /* FeaturedTabView.swift in Sources */,
				B54D3BC22ACDA1AB00DEB996 /* SectionView.swift in Sources */,
				B54D3BCC2ACEE2D800DEB996 /* BrandItemView.swift in Sources */,
				B54D3BBE2ACD9FD400DEB996 /* CategoryItemView.swift in Sources */,
				B54D3BB42ACD926F00DEB996 /* PlayerModel.swift in Sources */,
				B54D3BBC2ACD9F3B00DEB996 /* CatagoryModel.swift in Sources */,
				B54D3BCA2ACEE28500DEB996 /* BrandModel.swift in Sources */,
				B54D3BC42ACEDBAF00DEB996 /* TitleView.swift in Sources */,
				B54D3BC62ACEDC4B00DEB996 /* ProductModel.swift in Sources */,
			);
			runOnlyForDeploymentPostprocessing = 0;
		};
/* End PBXSourcesBuildPhase section */

/* Begin XCBuildConfiguration section */
		B54D3B932ACCAAB300DEB996 /* Debug */ = {
			isa = XCBuildConfiguration;
			buildSettings = {
				ALWAYS_SEARCH_USER_PATHS = NO;
				ASSETCATALOG_COMPILER_GENERATE_SWIFT_ASSET_SYMBOL_EXTENSIONS = YES;
				CLANG_ANALYZER_NONNULL = YES;
				CLANG_ANALYZER_NUMBER_OBJECT_CONVERSION = YES_AGGRESSIVE;
				CLANG_CXX_LANGUAGE_STANDARD = "gnu++20";
				CLANG_ENABLE_MODULES = YES;
				CLANG_ENABLE_OBJC_ARC = YES;
				CLANG_ENABLE_OBJC_WEAK = YES;
				CLANG_WARN_BLOCK_CAPTURE_AUTORELEASING = YES;
				CLANG_WARN_BOOL_CONVERSION = YES;
				CLANG_WARN_COMMA = YES;
				CLANG_WARN_CONSTANT_CONVERSION = YES;
				CLANG_WARN_DEPRECATED_OBJC_IMPLEMENTATIONS = YES;
				CLANG_WARN_DIRECT_OBJC_ISA_USAGE = YES_ERROR;
				CLANG_WARN_DOCUMENTATION_COMMENTS = YES;
				CLANG_WARN_EMPTY_BODY = YES;
				CLANG_WARN_ENUM_CONVERSION = YES;
				CLANG_WARN_INFINITE_RECURSION = YES;
				CLANG_WARN_INT_CONVERSION = YES;
				CLANG_WARN_NON_LITERAL_NULL_CONVERSION = YES;
				CLANG_WARN_OBJC_IMPLICIT_RETAIN_SELF = YES;
				CLANG_WARN_OBJC_LITERAL_CONVERSION = YES;
				CLANG_WARN_OBJC_ROOT_CLASS = YES_ERROR;
				CLANG_WARN_QUOTED_INCLUDE_IN_FRAMEWORK_HEADER = YES;
				CLANG_WARN_RANGE_LOOP_ANALYSIS = YES;
				CLANG_WARN_STRICT_PROTOTYPES = YES;
				CLANG_WARN_SUSPICIOUS_MOVE = YES;
				CLANG_WARN_UNGUARDED_AVAILABILITY = YES_AGGRESSIVE;
				CLANG_WARN_UNREACHABLE_CODE = YES;
				CLANG_WARN__DUPLICATE_METHOD_MATCH = YES;
				COPY_PHASE_STRIP = NO;
				DEBUG_INFORMATION_FORMAT = dwarf;
				ENABLE_STRICT_OBJC_MSGSEND = YES;
				ENABLE_TESTABILITY = YES;
				ENABLE_USER_SCRIPT_SANDBOXING = YES;
				GCC_C_LANGUAGE_STANDARD = gnu17;
				GCC_DYNAMIC_NO_PIC = NO;
				GCC_NO_COMMON_BLOCKS = YES;
				GCC_OPTIMIZATION_LEVEL = 0;
				GCC_PREPROCESSOR_DEFINITIONS = (
					"DEBUG=1",
					"$(inherited)",
				);
				GCC_WARN_64_TO_32_BIT_CONVERSION = YES;
				GCC_WARN_ABOUT_RETURN_TYPE = YES_ERROR;
				GCC_WARN_UNDECLARED_SELECTOR = YES;
				GCC_WARN_UNINITIALIZED_AUTOS = YES_AGGRESSIVE;
				GCC_WARN_UNUSED_FUNCTION = YES;
				GCC_WARN_UNUSED_VARIABLE = YES;
				IPHONEOS_DEPLOYMENT_TARGET = 17.0;
				LOCALIZATION_PREFERS_STRING_CATALOGS = YES;
				MTL_ENABLE_DEBUG_INFO = INCLUDE_SOURCE;
				MTL_FAST_MATH = YES;
				ONLY_ACTIVE_ARCH = YES;
				SDKROOT = iphoneos;
				SWIFT_ACTIVE_COMPILATION_CONDITIONS = "DEBUG $(inherited)";
				SWIFT_OPTIMIZATION_LEVEL = "-Onone";
			};
			name = Debug;
		};
		B54D3B942ACCAAB300DEB996 /* Release */ = {
			isa = XCBuildConfiguration;
			buildSettings = {
				ALWAYS_SEARCH_USER_PATHS = NO;
				ASSETCATALOG_COMPILER_GENERATE_SWIFT_ASSET_SYMBOL_EXTENSIONS = YES;
				CLANG_ANALYZER_NONNULL = YES;
				CLANG_ANALYZER_NUMBER_OBJECT_CONVERSION = YES_AGGRESSIVE;
				CLANG_CXX_LANGUAGE_STANDARD = "gnu++20";
				CLANG_ENABLE_MODULES = YES;
				CLANG_ENABLE_OBJC_ARC = YES;
				CLANG_ENABLE_OBJC_WEAK = YES;
				CLANG_WARN_BLOCK_CAPTURE_AUTORELEASING = YES;
				CLANG_WARN_BOOL_CONVERSION = YES;
				CLANG_WARN_COMMA = YES;
				CLANG_WARN_CONSTANT_CONVERSION = YES;
				CLANG_WARN_DEPRECATED_OBJC_IMPLEMENTATIONS = YES;
				CLANG_WARN_DIRECT_OBJC_ISA_USAGE = YES_ERROR;
				CLANG_WARN_DOCUMENTATION_COMMENTS = YES;
				CLANG_WARN_EMPTY_BODY = YES;
				CLANG_WARN_ENUM_CONVERSION = YES;
				CLANG_WARN_INFINITE_RECURSION = YES;
				CLANG_WARN_INT_CONVERSION = YES;
				CLANG_WARN_NON_LITERAL_NULL_CONVERSION = YES;
				CLANG_WARN_OBJC_IMPLICIT_RETAIN_SELF = YES;
				CLANG_WARN_OBJC_LITERAL_CONVERSION = YES;
				CLANG_WARN_OBJC_ROOT_CLASS = YES_ERROR;
				CLANG_WARN_QUOTED_INCLUDE_IN_FRAMEWORK_HEADER = YES;
				CLANG_WARN_RANGE_LOOP_ANALYSIS = YES;
				CLANG_WARN_STRICT_PROTOTYPES = YES;
				CLANG_WARN_SUSPICIOUS_MOVE = YES;
				CLANG_WARN_UNGUARDED_AVAILABILITY = YES_AGGRESSIVE;
				CLANG_WARN_UNREACHABLE_CODE = YES;
				CLANG_WARN__DUPLICATE_METHOD_MATCH = YES;
				COPY_PHASE_STRIP = NO;
				DEBUG_INFORMATION_FORMAT = "dwarf-with-dsym";
				ENABLE_NS_ASSERTIONS = NO;
				ENABLE_STRICT_OBJC_MSGSEND = YES;
				ENABLE_USER_SCRIPT_SANDBOXING = YES;
				GCC_C_LANGUAGE_STANDARD = gnu17;
				GCC_NO_COMMON_BLOCKS = YES;
				GCC_WARN_64_TO_32_BIT_CONVERSION = YES;
				GCC_WARN_ABOUT_RETURN_TYPE = YES_ERROR;
				GCC_WARN_UNDECLARED_SELECTOR = YES;
				GCC_WARN_UNINITIALIZED_AUTOS = YES_AGGRESSIVE;
				GCC_WARN_UNUSED_FUNCTION = YES;
				GCC_WARN_UNUSED_VARIABLE = YES;
				IPHONEOS_DEPLOYMENT_TARGET = 17.0;
				LOCALIZATION_PREFERS_STRING_CATALOGS = YES;
				MTL_ENABLE_DEBUG_INFO = NO;
				MTL_FAST_MATH = YES;
				SDKROOT = iphoneos;
				SWIFT_COMPILATION_MODE = wholemodule;
				VALIDATE_PRODUCT = YES;
			};
			name = Release;
		};
		B54D3B962ACCAAB300DEB996 /* Debug */ = {
			isa = XCBuildConfiguration;
			buildSettings = {
				ASSETCATALOG_COMPILER_APPICON_NAME = AppIcon;
				ASSETCATALOG_COMPILER_GLOBAL_ACCENT_COLOR_NAME = AccentColor;
				CODE_SIGN_STYLE = Automatic;
				CURRENT_PROJECT_VERSION = 1;
				DEVELOPMENT_ASSET_PATHS = "\"Touchdown/Preview Content\"";
				DEVELOPMENT_TEAM = 4HPQY9M97K;
				ENABLE_PREVIEWS = YES;
				GENERATE_INFOPLIST_FILE = YES;
				INFOPLIST_FILE = Touchdown/Info.plist;
				INFOPLIST_KEY_UIApplicationSceneManifest_Generation = YES;
				INFOPLIST_KEY_UIApplicationSupportsIndirectInputEvents = YES;
				INFOPLIST_KEY_UISupportedInterfaceOrientations = UIInterfaceOrientationPortrait;
				INFOPLIST_KEY_UIUserInterfaceStyle = Light;
				LD_RUNPATH_SEARCH_PATHS = (
					"$(inherited)",
					"@executable_path/Frameworks",
				);
				MARKETING_VERSION = 1.0;
				PRODUCT_BUNDLE_IDENTIFIER = com.hslab.Touchdown;
				PRODUCT_NAME = "$(TARGET_NAME)";
				SWIFT_EMIT_LOC_STRINGS = YES;
				SWIFT_VERSION = 5.0;
				TARGETED_DEVICE_FAMILY = "1,2";
			};
			name = Debug;
		};
		B54D3B972ACCAAB300DEB996 /* Release */ = {
			isa = XCBuildConfiguration;
			buildSettings = {
				ASSETCATALOG_COMPILER_APPICON_NAME = AppIcon;
				ASSETCATALOG_COMPILER_GLOBAL_ACCENT_COLOR_NAME = AccentColor;
				CODE_SIGN_STYLE = Automatic;
				CURRENT_PROJECT_VERSION = 1;
				DEVELOPMENT_ASSET_PATHS = "\"Touchdown/Preview Content\"";
				DEVELOPMENT_TEAM = 4HPQY9M97K;
				ENABLE_PREVIEWS = YES;
				GENERATE_INFOPLIST_FILE = YES;
				INFOPLIST_FILE = Touchdown/Info.plist;
				INFOPLIST_KEY_UIApplicationSceneManifest_Generation = YES;
				INFOPLIST_KEY_UIApplicationSupportsIndirectInputEvents = YES;
				INFOPLIST_KEY_UISupportedInterfaceOrientations = UIInterfaceOrientationPortrait;
				INFOPLIST_KEY_UIUserInterfaceStyle = Light;
				LD_RUNPATH_SEARCH_PATHS = (
					"$(inherited)",
					"@executable_path/Frameworks",
				);
				MARKETING_VERSION = 1.0;
				PRODUCT_BUNDLE_IDENTIFIER = com.hslab.Touchdown;
				PRODUCT_NAME = "$(TARGET_NAME)";
				SWIFT_EMIT_LOC_STRINGS = YES;
				SWIFT_VERSION = 5.0;
				TARGETED_DEVICE_FAMILY = "1,2";
			};
			name = Release;
		};
/* End XCBuildConfiguration section */

/* Begin XCConfigurationList section */
		B54D3B822ACCAAB100DEB996 /* Build configuration list for PBXProject "Touchdown" */ = {
			isa = XCConfigurationList;
			buildConfigurations = (
				B54D3B932ACCAAB300DEB996 /* Debug */,
				B54D3B942ACCAAB300DEB996 /* Release */,
			);
			defaultConfigurationIsVisible = 0;
			defaultConfigurationName = Release;
		};
		B54D3B952ACCAAB300DEB996 /* Build configuration list for PBXNativeTarget "Touchdown" */ = {
			isa = XCConfigurationList;
			buildConfigurations = (
				B54D3B962ACCAAB300DEB996 /* Debug */,
				B54D3B972ACCAAB300DEB996 /* Release */,
			);
			defaultConfigurationIsVisible = 0;
			defaultConfigurationName = Release;
		};
/* End XCConfigurationList section */
	};
	rootObject = B54D3B7F2ACCAAB100DEB996 /* Project object */;
}
